
Microsoft Visual Studio Solution File, Format Version 12.00
# Visual Studio 2013
VisualStudioVersion = 12.0.21005.1
MinimumVisualStudioVersion = 10.0.40219.1
Project("{8BC9CEB8-8B4A-11D0-8D11-00A0C91BC942}") = "ZHider", "Hider.vcxproj", "{19D5148A-BCB9-4BF3-8B4F-555DC27B888A}"
EndProject
Project("{8BC9CEB8-8B4A-11D0-8D11-00A0C91BC942}") = "keyboard hook", "hooks\hooks.vcxproj", "{8935AD83-CE7C-48C6-AE6E-72382BD68C7C}"
EndProject
Project("{8BC9CEB8-8B4A-11D0-8D11-00A0C91BC942}") = "task manager hook", "hooks\TaskExHook\TaskExHook.vcxproj", "{2F3E092E-BCED-4311-84F9-40303A2ACD17}"
EndProject
Global
	GlobalSection(SolutionConfigurationPlatforms) = preSolution
		Debug|Win32 = Debug|Win32
		Release|Win32 = Release|Win32
	EndGlobalSection
	GlobalSection(ProjectConfigurationPlatforms) = postSolution
		{19D5148A-BCB9-4BF3-8B4F-555DC27B888A}.Debug|Win32.ActiveCfg = Debug|Win32
		{19D5148A-BCB9-4BF3-8B4F-555DC27B888A}.Debug|Win32.Build.0 = Debug|Win32
		{19D5148A-BCB9-4BF3-8B4F-555DC27B888A}.Release|Win32.ActiveCfg = Release|Win32
		{19D5148A-BCB9-4BF3-8B4F-555DC27B888A}.Release|Win32.Build.0 = Release|Win32
		{8935AD83-CE7C-48C6-AE6E-72382BD68C7C}.Debug|Win32.ActiveCfg = Debug|Win32
		{8935AD83-CE7C-48C6-AE6E-72382BD68C7C}.Debug|Win32.Build.0 = Debug|Win32
		{8935AD83-CE7C-48C6-AE6E-72382BD68C7C}.Release|Win32.ActiveCfg = Release|Win32
		{8935AD83-CE7C-48C6-AE6E-72382BD68C7C}.Release|Win32.Build.0 = Release|Win32
		{2F3E092E-BCED-4311-84F9-40303A2ACD17}.Debug|Win32.ActiveCfg = Debug|Win32
		{2F3E092E-BCED-4311-84F9-40303A2ACD17}.Debug|Win32.Build.0 = Debug|Win32
		{2F3E092E-BCED-4311-84F9-40303A2ACD17}.Release|Win32.ActiveCfg = Release|Win32
		{2F3E092E-BCED-4311-84F9-40303A2ACD17}.Release|Win32.Build.0 = Release|Win32
	EndGlobalSection
	GlobalSection(SolutionProperties) = preSolution
		HideSolutionNode = FALSE
	EndGlobalSection
EndGlobal
